github.com/streadway/amqp v1.0.0 h1:kuuDrUJFZL1QYL9hUNuCxNObNzB0bV/ZG5jV3RWAQgo=
github.com/streadway/amqp v1.0.0/go.mod h1:AZpEONHx3DKn8O/DFsRAY58/XVQiIPMTMB1SddzLXVw=
github.com/wagslane/go-rabbitmq v0.5.1 h1:k3GS4PXZm54RPfVihEaUOMHYYuIyFFgwU5h7H+66Vbg=
github.com/wagslane/go-rabbitmq v0.5.1/go.mod h1:Tu4DtAT7Ta9oKhHgEj29QEtIaA/jLLGLkleA/csZoOs=
